
Microsoft Visual Studio Solution File, Format Version 12.00
# Visual Studio 15
VisualStudioVersion = 15.0.27004.2005
MinimumVisualStudioVersion = 10.0.40219.1
Project("{FAE04EC0-301F-11D3-BF4B-00C04F79EFBC}") = "CustomerServiceProject", "CustomerServiceProject\CustomerServiceProject.csproj", "{373E5499-F713-4ED4-9C00-3717B77BA4E6}"
EndProject
Global
	GlobalSection(SolutionConfigurationPlatforms) = preSolution
		Debug|Any CPU = Debug|Any CPU
		Release|Any CPU = Release|Any CPU
	EndGlobalSection
	GlobalSection(ProjectConfigurationPlatforms) = postSolution
		{373E5499-F713-4ED4-9C00-3717B77BA4E6}.Debug|Any CPU.ActiveCfg = Debug|Any CPU
		{373E5499-F713-4ED4-9C00-3717B77BA4E6}.Debug|Any CPU.Build.0 = Debug|Any CPU
		{373E5499-F713-4ED4-9C00-3717B77BA4E6}.Release|Any CPU.ActiveCfg = Release|Any CPU
		{373E5499-F713-4ED4-9C00-3717B77BA4E6}.Release|Any CPU.Build.0 = Release|Any CPU
	EndGlobalSection
	GlobalSection(SolutionProperties) = preSolution
		HideSolutionNode = FALSE
	EndGlobalSection
	GlobalSection(ExtensibilityGlobals) = postSolution
		SolutionGuid = {DB5C7E27-1B1C-4ACF-B5A4-A4B6DE6E5CE4}
	EndGlobalSection
EndGlobal
